# THIS IS AN AUTOGENERATED FILE. DO NOT EDIT THIS FILE DIRECTLY.
# yarn lockfile v1


isarray@0.0.1:
  version "0.0.1"
  resolved "https://registry.yarnpkg.com/isarray/-/isarray-0.0.1.tgz#8a18acfca9a8f4177e09abfc6038939b05d1eedf"
  integrity sha1-ihis/Kmo9Bd+Cav8YDiTmwXR7t8=

page@^1.5.0:
  version "1.11.6"
  resolved "https://registry.yarnpkg.com/page/-/page-1.11.6.tgz#5ef4efc7073749b8085ccdaa0dcd7c9e0de12fe3"
  integrity sha512-P6e2JfzkBrPeFCIPplLP7vDDiU84RUUZMrWdsH4ZBGJ8OosnwFkcUkBHp1DTIjuipLliw9yQn/ZJsXZvarsO+g==
  dependencies:
    path-to-regexp "~1.2.1"

path-to-regexp@~1.2.1:
  version "1.2.1"
  resolved "https://registry.yarnpkg.com/path-to-regexp/-/path-to-regexp-1.2.1.tgz#b33705c140234d873c8721c7b9fd8b541ed3aff9"
  integrity sha1-szcFwUAjTYc8hyHHuf2LVB7Tr/k=
  dependencies:
    isarray "0.0.1"

vue-route@^1.5.1:
  version "1.5.1"
  resolved "https://registry.yarnpkg.com/vue-route/-/vue-route-1.5.1.tgz#d64d13f20988438936f60d3d2bf187ca448ad7d3"
  integrity sha1-1k0T8gmIQ4k29g09K/GHykSK19M=
  dependencies:
    page "^1.5.0"

vue@^2.6.11:
  version "2.6.11"
  resolved "https://registry.yarnpkg.com/vue/-/vue-2.6.11.tgz#76594d877d4b12234406e84e35275c6d514125c5"
  integrity sha512-VfPwgcGABbGAue9+sfrD4PuwFar7gPb1yl1UK1MwXoQPAw0BKSqWfoYCT/ThFrdEVWoI51dBuyCoiNU9bZDZxQ==

vuex@^3.3.0:
  version "3.3.0"
  resolved "https://registry.yarnpkg.com/vuex/-/vuex-3.3.0.tgz#665b4630ea1347317139fcc5cb495aab3ec5e513"
  integrity sha512-1MfcBt+YFd20DPwKe0ThhYm1UEXZya4gVKUvCy7AtS11YAOUR+9a6u4fsv1Rr6ePZCDNxW/M1zuIaswp6nNv8Q==
